
Microsoft Visual Studio Solution File, Format Version 12.00
Project("{FAE04EC0-301F-11D3-BF4B-00C04F79EFBC}") = "cocograph", "..\src\web\cocograph.csproj", "{8E60F21C-F748-4CEF-BD83-3531B1BC75B4}"
EndProject
Global
	GlobalSection(SolutionConfigurationPlatforms) = preSolution
		Debug|Any CPU = Debug|Any CPU
		Release|Any CPU = Release|Any CPU
	EndGlobalSection
	GlobalSection(ProjectConfigurationPlatforms) = postSolution
		{8E60F21C-F748-4CEF-BD83-3531B1BC75B4}.Debug|Any CPU.ActiveCfg = Debug|Any CPU
		{8E60F21C-F748-4CEF-BD83-3531B1BC75B4}.Debug|Any CPU.Build.0 = Debug|Any CPU
		{8E60F21C-F748-4CEF-BD83-3531B1BC75B4}.Release|Any CPU.ActiveCfg = Release|Any CPU
		{8E60F21C-F748-4CEF-BD83-3531B1BC75B4}.Release|Any CPU.Build.0 = Release|Any CPU
	EndGlobalSection
EndGlobal
